// !$*UTF8*$!
{
	archiveVersion = 1;
	classes = {
	};
	objectVersion = 77;
	objects = {

/* Begin PBXBuildFile section */
		427F7989BACF1CEC6DA2D9C5 /* AccessibilityAuditTests.swift in Sources */ = {isa = PBXBuildFile; fileRef = C29531C38DAF3788E36F3030 /* AccessibilityAuditTests.swift */; };
		7155F226D9F0FACC47C3489D /* AuditHostApp.swift in Sources */ = {isa = PBXBuildFile; fileRef = 143718565DE5764127A93948 /* AuditHostApp.swift */; };
/* End PBXBuildFile section */

/* Begin PBXContainerItemProxy section */
		B1FE4BA30BEA3FD8D3508D07 /* PBXContainerItemProxy */ = {
			isa = PBXContainerItemProxy;
			containerPortal = 58DE58FA588828120ADE9232 /* Project object */;
			proxyType = 1;
			remoteGlobalIDString = 3247AD21C2DC26C0631148F6;
			remoteInfo = AuditHost;
		};
/* End PBXContainerItemProxy section */

/* Begin PBXFileReference section */
		143718565DE5764127A93948 /* AuditHostApp.swift */ = {isa = PBXFileReference; lastKnownFileType = sourcecode.swift; path = AuditHostApp.swift; sourceTree = "<group>"; };
		B56910E308F1D85FFF1B2292 /* AccessibilityAudit.xctest */ = {isa = PBXFileReference; includeInIndex = 0; lastKnownFileType = wrapper.cfbundle; path = AccessibilityAudit.xctest; sourceTree = BUILT_PRODUCTS_DIR; };
		C29531C38DAF3788E36F3030 /* AccessibilityAuditTests.swift */ = {isa = PBXFileReference; lastKnownFileType = sourcecode.swift; path = AccessibilityAuditTests.swift; sourceTree = "<group>"; };
		E21BA944B212ED015C3642FE /* AuditHost.app */ = {isa = PBXFileReference; includeInIndex = 0; lastKnownFileType = wrapper.application; path = AuditHost.app; sourceTree = BUILT_PRODUCTS_DIR; };
/* End PBXFileReference section */

/* Begin PBXGroup section */
		7EC2B27B2CFA88AA1E34F6C2 = {
			isa = PBXGroup;
			children = (
				BB4FF326C88E53CFE7056923 /* AccessibilityAudit */,
				9ABA268B579D85C69FB70292 /* AuditHost */,
				C17A46CCDC0398A153016DE6 /* Products */,
			);
			sourceTree = "<group>";
		};
		9ABA268B579D85C69FB70292 /* AuditHost */ = {
			isa = PBXGroup;
			children = (
				143718565DE5764127A93948 /* AuditHostApp.swift */,
			);
			path = AuditHost;
			sourceTree = "<group>";
		};
		BB4FF326C88E53CFE7056923 /* AccessibilityAudit */ = {
			isa = PBXGroup;
			children = (
				C29531C38DAF3788E36F3030 /* AccessibilityAuditTests.swift */,
			);
			path = AccessibilityAudit;
			sourceTree = "<group>";
		};
		C17A46CCDC0398A153016DE6 /* Products */ = {
			isa = PBXGroup;
			children = (
				B56910E308F1D85FFF1B2292 /* AccessibilityAudit.xctest */,
				E21BA944B212ED015C3642FE /* AuditHost.app */,
			);
			name = Products;
			sourceTree = "<group>";
		};
/* End PBXGroup section */

/* Begin PBXNativeTarget section */
		3247AD21C2DC26C0631148F6 /* AuditHost */ = {
			isa = PBXNativeTarget;
			buildConfigurationList = 6505F0C3EE204A6145D7C7E5 /* Build configuration list for PBXNativeTarget "AuditHost" */;
			buildPhases = (
				D0D4BE765A5BE20AE2232C7E /* Sources */,
			);
			buildRules = (
			);
			dependencies = (
			);
			name = AuditHost;
			packageProductDependencies = (
			);
			productName = AuditHost;
			productReference = E21BA944B212ED015C3642FE /* AuditHost.app */;
			productType = "com.apple.product-type.application";
		};
		8CCD665844B0D8DF2B1EE105 /* AccessibilityAudit */ = {
			isa = PBXNativeTarget;
			buildConfigurationList = D0152AB46C653989BEA3FA0D /* Build configuration list for PBXNativeTarget "AccessibilityAudit" */;
			buildPhases = (
				B11EDB5C8C3342DCB0A4A327 /* Sources */,
			);
			buildRules = (
			);
			dependencies = (
				00EA29F202EF6AECBCD5C1FC /* PBXTargetDependency */,
			);
			name = AccessibilityAudit;
			packageProductDependencies = (
			);
			productName = AccessibilityAudit;
			productReference = B56910E308F1D85FFF1B2292 /* AccessibilityAudit.xctest */;
			productType = "com.apple.product-type.bundle.ui-testing";
		};
/* End PBXNativeTarget section */

/* Begin PBXProject section */
		58DE58FA588828120ADE9232 /* Project object */ = {
			isa = PBXProject;
			attributes = {
				BuildIndependentTargetsInParallel = YES;
				LastUpgradeCheck = 1430;
				TargetAttributes = {
					8CCD665844B0D8DF2B1EE105 = {
						TestTargetID = 3247AD21C2DC26C0631148F6;
					};
				};
			};
			buildConfigurationList = 2042BAAFD5134746EA8592DF /* Build configuration list for PBXProject "A11yAudit" */;
			developmentRegion = en;
			hasScannedForEncodings = 0;
			knownRegions = (
				Base,
				en,
			);
			mainGroup = 7EC2B27B2CFA88AA1E34F6C2;
			minimizedProjectReferenceProxies = 1;
			preferredProjectObjectVersion = 77;
			productRefGroup = C17A46CCDC0398A153016DE6 /* Products */;
			projectDirPath = "";
			projectRoot = "";
			targets = (
				8CCD665844B0D8DF2B1EE105 /* AccessibilityAudit */,
				3247AD21C2DC26C0631148F6 /* AuditHost */,
			);
		};
/* End PBXProject section */

/* Begin PBXSourcesBuildPhase section */
		B11EDB5C8C3342DCB0A4A327 /* Sources */ = {
			isa = PBXSourcesBuildPhase;
			buildActionMask = 2147483647;
			files = (
				427F7989BACF1CEC6DA2D9C5 /* AccessibilityAuditTests.swift in Sources */,
			);
			runOnlyForDeploymentPostprocessing = 0;
		};
		D0D4BE765A5BE20AE2232C7E /* Sources */ = {
			isa = PBXSourcesBuildPhase;
			buildActionMask = 2147483647;
			files = (
				7155F226D9F0FACC47C3489D /* AuditHostApp.swift in Sources */,
			);
			runOnlyForDeploymentPostprocessing = 0;
		};
/* End PBXSourcesBuildPhase section */

/* Begin PBXTargetDependency section */
		00EA29F202EF6AECBCD5C1FC /* PBXTargetDependency */ = {
			isa = PBXTargetDependency;
			target = 3247AD21C2DC26C0631148F6 /* AuditHost */;
			targetProxy = B1FE4BA30BEA3FD8D3508D07 /* PBXContainerItemProxy */;
		};
/* End PBXTargetDependency section */

/* Begin XCBuildConfiguration section */
		3C9E1A85CDCE6151C6199A4E /* Release */ = {
			isa = XCBuildConfiguration;
			buildSettings = {
				ALWAYS_SEARCH_USER_PATHS = NO;
				CLANG_ANALYZER_NONNULL = YES;
				CLANG_ANALYZER_NUMBER_OBJECT_CONVERSION = YES_AGGRESSIVE;
				CLANG_CXX_LANGUAGE_STANDARD = "gnu++14";
				CLANG_CXX_LIBRARY = "libc++";
				CLANG_ENABLE_MODULES = YES;
				CLANG_ENABLE_OBJC_ARC = YES;
				CLANG_ENABLE_OBJC_WEAK = YES;
				CLANG_WARN_BLOCK_CAPTURE_AUTORELEASING = YES;
				CLANG_WARN_BOOL_CONVERSION = YES;
				CLANG_WARN_COMMA = YES;
				CLANG_WARN_CONSTANT_CONVERSION = YES;
				CLANG_WARN_DEPRECATED_OBJC_IMPLEMENTATIONS = YES;
				CLANG_WARN_DIRECT_OBJC_ISA_USAGE = YES_ERROR;
				CLANG_WARN_DOCUMENTATION_COMMENTS = YES;
				CLANG_WARN_EMPTY_BODY = YES;
				CLANG_WARN_ENUM_CONVERSION = YES;
				CLANG_WARN_INFINITE_RECURSION = YES;
				CLANG_WARN_INT_CONVERSION = YES;
				CLANG_WARN_NON_LITERAL_NULL_CONVERSION = YES;
				CLANG_WARN_OBJC_IMPLICIT_RETAIN_SELF = YES;
				CLANG_WARN_OBJC_LITERAL_CONVERSION = YES;
				CLANG_WARN_OBJC_ROOT_CLASS = YES_ERROR;
				CLANG_WARN_QUOTED_INCLUDE_IN_FRAMEWORK_HEADER = YES;
				CLANG_WARN_RANGE_LOOP_ANALYSIS = YES;
				CLANG_WARN_STRICT_PROTOTYPES = YES;
				CLANG_WARN_SUSPICIOUS_MOVE = YES;
				CLANG_WARN_UNGUARDED_AVAILABILITY = YES_AGGRESSIVE;
				CLANG_WARN_UNREACHABLE_CODE = YES;
				CLANG_WARN__DUPLICATE_METHOD_MATCH = YES;
				CODE_SIGNING_ALLOWED = NO;
				COPY_PHASE_STRIP = NO;
				DEBUG_INFORMATION_FORMAT = "dwarf-with-dsym";
				ENABLE_NS_ASSERTIONS = NO;
				ENABLE_STRICT_OBJC_MSGSEND = YES;
				GCC_C_LANGUAGE_STANDARD = gnu11;
				GCC_NO_COMMON_BLOCKS = YES;
				GCC_WARN_64_TO_32_BIT_CONVERSION = YES;
				GCC_WARN_ABOUT_RETURN_TYPE = YES_ERROR;
				GCC_WARN_UNDECLARED_SELECTOR = YES;
				GCC_WARN_UNINITIALIZED_AUTOS = YES_AGGRESSIVE;
				GCC_WARN_UNUSED_FUNCTION = YES;
				GCC_WARN_UNUSED_VARIABLE = YES;
				IPHONEOS_DEPLOYMENT_TARGET = 26.0;
				MTL_ENABLE_DEBUG_INFO = NO;
				MTL_FAST_MATH = YES;
				PRODUCT_NAME = "$(TARGET_NAME)";
				SDKROOT = iphoneos;
				SWIFT_COMPILATION_MODE = wholemodule;
				SWIFT_OPTIMIZATION_LEVEL = "-O";
				SWIFT_VERSION = 6.0;
			};
			name = Release;
		};
		708EB10FCF910F1ACB74A421 /* Debug */ = {
			isa = XCBuildConfiguration;
			buildSettings = {
				BUNDLE_LOADER = "$(TEST_HOST)";
				GENERATE_INFOPLIST_FILE = YES;
				LD_RUNPATH_SEARCH_PATHS = (
					"$(inherited)",
					"@executable_path/Frameworks",
					"@loader_path/Frameworks",
				);
				PRODUCT_BUNDLE_IDENTIFIER = dev.housescanning.accessibilityaudit;
				SDKROOT = iphoneos;
				TARGETED_DEVICE_FAMILY = "1,2";
				TEST_TARGET_NAME = AuditHost;
			};
			name = Debug;
		};
		841E56A50F19DED71F190C76 /* Release */ = {
			isa = XCBuildConfiguration;
			buildSettings = {
				BUNDLE_LOADER = "$(TEST_HOST)";
				GENERATE_INFOPLIST_FILE = YES;
				LD_RUNPATH_SEARCH_PATHS = (
					"$(inherited)",
					"@executable_path/Frameworks",
					"@loader_path/Frameworks",
				);
				PRODUCT_BUNDLE_IDENTIFIER = dev.housescanning.accessibilityaudit;
				SDKROOT = iphoneos;
				TARGETED_DEVICE_FAMILY = "1,2";
				TEST_TARGET_NAME = AuditHost;
			};
			name = Release;
		};
		BE3EA69AAFB233D09E1F40CA /* Debug */ = {
			isa = XCBuildConfiguration;
			buildSettings = {
				ASSETCATALOG_COMPILER_APPICON_NAME = AppIcon;
				CODE_SIGN_IDENTITY = "iPhone Developer";
				GENERATE_INFOPLIST_FILE = YES;
				INFOPLIST_KEY_UILaunchScreen_Generation = YES;
				LD_RUNPATH_SEARCH_PATHS = (
					"$(inherited)",
					"@executable_path/Frameworks",
				);
				PRODUCT_BUNDLE_IDENTIFIER = dev.housescanning.audithost;
				SDKROOT = iphoneos;
				TARGETED_DEVICE_FAMILY = "1,2";
			};
			name = Debug;
		};
		D55271EAC8D6256B4B11B08F /* Release */ = {
			isa = XCBuildConfiguration;
			buildSettings = {
				ASSETCATALOG_COMPILER_APPICON_NAME = AppIcon;
				CODE_SIGN_IDENTITY = "iPhone Developer";
				GENERATE_INFOPLIST_FILE = YES;
				INFOPLIST_KEY_UILaunchScreen_Generation = YES;
				LD_RUNPATH_SEARCH_PATHS = (
					"$(inherited)",
					"@executable_path/Frameworks",
				);
				PRODUCT_BUNDLE_IDENTIFIER = dev.housescanning.audithost;
				SDKROOT = iphoneos;
				TARGETED_DEVICE_FAMILY = "1,2";
			};
			name = Release;
		};
		EC24429FA6E4DFBA10CCD5C8 /* Debug */ = {
			isa = XCBuildConfiguration;
			buildSettings = {
				ALWAYS_SEARCH_USER_PATHS = NO;
				CLANG_ANALYZER_NONNULL = YES;
				CLANG_ANALYZER_NUMBER_OBJECT_CONVERSION = YES_AGGRESSIVE;
				CLANG_CXX_LANGUAGE_STANDARD = "gnu++14";
				CLANG_CXX_LIBRARY = "libc++";
				CLANG_ENABLE_MODULES = YES;
				CLANG_ENABLE_OBJC_ARC = YES;
				CLANG_ENABLE_OBJC_WEAK = YES;
				CLANG_WARN_BLOCK_CAPTURE_AUTORELEASING = YES;
				CLANG_WARN_BOOL_CONVERSION = YES;
				CLANG_WARN_COMMA = YES;
				CLANG_WARN_CONSTANT_CONVERSION = YES;
				CLANG_WARN_DEPRECATED_OBJC_IMPLEMENTATIONS = YES;
				CLANG_WARN_DIRECT_OBJC_ISA_USAGE = YES_ERROR;
				CLANG_WARN_DOCUMENTATION_COMMENTS = YES;
				CLANG_WARN_EMPTY_BODY = YES;
				CLANG_WARN_ENUM_CONVERSION = YES;
				CLANG_WARN_INFINITE_RECURSION = YES;
				CLANG_WARN_INT_CONVERSION = YES;
				CLANG_WARN_NON_LITERAL_NULL_CONVERSION = YES;
				CLANG_WARN_OBJC_IMPLICIT_RETAIN_SELF = YES;
				CLANG_WARN_OBJC_LITERAL_CONVERSION = YES;
				CLANG_WARN_OBJC_ROOT_CLASS = YES_ERROR;
				CLANG_WARN_QUOTED_INCLUDE_IN_FRAMEWORK_HEADER = YES;
				CLANG_WARN_RANGE_LOOP_ANALYSIS = YES;
				CLANG_WARN_STRICT_PROTOTYPES = YES;
				CLANG_WARN_SUSPICIOUS_MOVE = YES;
				CLANG_WARN_UNGUARDED_AVAILABILITY = YES_AGGRESSIVE;
				CLANG_WARN_UNREACHABLE_CODE = YES;
				CLANG_WARN__DUPLICATE_METHOD_MATCH = YES;
				CODE_SIGNING_ALLOWED = NO;
				COPY_PHASE_STRIP = NO;
				DEBUG_INFORMATION_FORMAT = dwarf;
				ENABLE_STRICT_OBJC_MSGSEND = YES;
				ENABLE_TESTABILITY = YES;
				GCC_C_LANGUAGE_STANDARD = gnu11;
				GCC_DYNAMIC_NO_PIC = NO;
				GCC_NO_COMMON_BLOCKS = YES;
				GCC_OPTIMIZATION_LEVEL = 0;
				GCC_PREPROCESSOR_DEFINITIONS = (
					"$(inherited)",
					"DEBUG=1",
				);
				GCC_WARN_64_TO_32_BIT_CONVERSION = YES;
				GCC_WARN_ABOUT_RETURN_TYPE = YES_ERROR;
				GCC_WARN_UNDECLARED_SELECTOR = YES;
				GCC_WARN_UNINITIALIZED_AUTOS = YES_AGGRESSIVE;
				GCC_WARN_UNUSED_FUNCTION = YES;
				GCC_WARN_UNUSED_VARIABLE = YES;
				IPHONEOS_DEPLOYMENT_TARGET = 26.0;
				MTL_ENABLE_DEBUG_INFO = INCLUDE_SOURCE;
				MTL_FAST_MATH = YES;
				ONLY_ACTIVE_ARCH = YES;
				PRODUCT_NAME = "$(TARGET_NAME)";
				SDKROOT = iphoneos;
				SWIFT_ACTIVE_COMPILATION_CONDITIONS = DEBUG;
				SWIFT_OPTIMIZATION_LEVEL = "-Onone";
				SWIFT_VERSION = 6.0;
			};
			name = Debug;
		};
/* End XCBuildConfiguration section */

/* Begin XCConfigurationList section */
		2042BAAFD5134746EA8592DF /* Build configuration list for PBXProject "A11yAudit" */ = {
			isa = XCConfigurationList;
			buildConfigurations = (
				EC24429FA6E4DFBA10CCD5C8 /* Debug */,
				3C9E1A85CDCE6151C6199A4E /* Release */,
			);
			defaultConfigurationIsVisible = 0;
			defaultConfigurationName = Debug;
		};
		6505F0C3EE204A6145D7C7E5 /* Build configuration list for PBXNativeTarget "AuditHost" */ = {
			isa = XCConfigurationList;
			buildConfigurations = (
				BE3EA69AAFB233D09E1F40CA /* Debug */,
				D55271EAC8D6256B4B11B08F /* Release */,
			);
			defaultConfigurationIsVisible = 0;
			defaultConfigurationName = Debug;
		};
		D0152AB46C653989BEA3FA0D /* Build configuration list for PBXNativeTarget "AccessibilityAudit" */ = {
			isa = XCConfigurationList;
			buildConfigurations = (
				708EB10FCF910F1ACB74A421 /* Debug */,
				841E56A50F19DED71F190C76 /* Release */,
			);
			defaultConfigurationIsVisible = 0;
			defaultConfigurationName = Debug;
		};
/* End XCConfigurationList section */
	};
	rootObject = 58DE58FA588828120ADE9232 /* Project object */;
}
